schema: '2.0'
stages:
  prepare_data:
    cmd: python prepare_data.py
    deps:
    - path: data/cancer_reg1.csv
      hash: md5
      md5: 424efc6a68b78c8c0cda7ba330d4f223
      size: 406438
    - path: params.yaml
      hash: md5
      md5: 2db66f9829f0bcc185d8bee86779c3ce
      size: 873
    params:
      params.yaml:
        general:
          random_state: 42
          test_size: 0.1
          train_size: 0.7
          val_size: 0.2
        preprocessing:
          normalization_method: minmax
          normalize: true
    outs:
    - path: data/prepared_data.pkl
      hash: md5
      md5: 0189a3f13455c04a9f5352c4e70dcec3
      size: 908134
    - path: models/features.json
      hash: md5
      md5: 48aacb3191cdf65b4e410f3303902517
      size: 1499
    - path: models/scaler.pkl
      hash: md5
      md5: 3ab8346904beea6eb5815c4c4bfb3504
      size: 3759
    - path: plots/full_correlation.png
      hash: md5
      md5: 8d33a8f24bd5bc77d1bdc0f140c95bd9
      size: 2549020
  train_linear_regression:
    cmd: python train_linear_regression.py
    deps:
    - path: data/prepared_data.pkl
      hash: md5
      md5: 0189a3f13455c04a9f5352c4e70dcec3
      size: 908134
    - path: params.yaml
      hash: md5
      md5: 2db66f9829f0bcc185d8bee86779c3ce
      size: 873
    - path: src/linear_regression.py
      hash: md5
      md5: 55461ac0731d83e91e8d15f6704dca32
      size: 3064
    params:
      params.yaml:
        linear_regression:
          fit_intercept: true
          positive: false
    outs:
    - path: metrics/linear_regression_metrics.json
      hash: md5
      md5: 3d43731c749fe023bedfc5f94faf2247
      size: 348
    - path: models/linear_regression.pkl
      hash: md5
      md5: 610c8b6bc46418c08db4ec55c33639e9
      size: 2720
  train_decision_tree:
    cmd: python train_decision_tree.py
    deps:
    - path: data/prepared_data.pkl
      hash: md5
      md5: 0189a3f13455c04a9f5352c4e70dcec3
      size: 908134
    - path: params.yaml
      hash: md5
      md5: 2db66f9829f0bcc185d8bee86779c3ce
      size: 873
    - path: src/decision_tree.py
      hash: md5
      md5: 9ad4694dc78982404bd1d694f644527b
      size: 3726
    params:
      params.yaml:
        decision_tree:
          max_depth: 7
          min_samples_leaf: 10
          min_samples_split: 50
          random_state: 42
    outs:
    - path: metrics/decision_tree_metrics.json
      hash: md5
      md5: 17f2de0dab20dbe625184d528cfbe23c
      size: 346
    - path: models/decision_tree.pkl
      hash: md5
      md5: 3e993053e0f0a89cba979d8479724fba
      size: 10721
    - path: plots/decision_tree.png
      hash: md5
      md5: 314dd4db5f4fd70e6dd49f15e8a28a38
      size: 910117
  train_catboost:
    cmd: python train_catboost.py
    deps:
    - path: data/prepared_data.pkl
      hash: md5
      md5: 0189a3f13455c04a9f5352c4e70dcec3
      size: 908134
    - path: params.yaml
      hash: md5
      md5: 2db66f9829f0bcc185d8bee86779c3ce
      size: 873
    - path: src/catboost_model.py
      hash: md5
      md5: c388d5c710d49f8295ae6895f619a538
      size: 3178
    params:
      params.yaml:
        catboost:
          depth: 6
          iterations: 1500
          l2_leaf_reg: 9.82
          learning_rate: 0.272
          random_seed: 42
    outs:
    - path: metrics/catboost_metrics.json
      hash: md5
      md5: 838102bebaf009889b85d5dd78fbc99a
      size: 348
    - path: models/catboost.cbm
      hash: md5
      md5: 107f37295002b2cdc6ca3b8c583af84a
      size: 329736
  train_xgboost:
    cmd: python train_xgboost.py
    deps:
    - path: data/prepared_data.pkl
      hash: md5
      md5: 0189a3f13455c04a9f5352c4e70dcec3
      size: 908134
    - path: params.yaml
      hash: md5
      md5: 2db66f9829f0bcc185d8bee86779c3ce
      size: 873
    - path: src/xgboost_model.py
      hash: md5
      md5: 6daedf8cb5593b9ff841dcbfc0322641
      size: 3412
    params:
      params.yaml:
        xgboost:
          colsample_bytree: 1
          early_stopping_rounds: 20
          eval_metric: rmse
          learning_rate: 0.0872
          max_depth: 6
          n_estimators: 2000
          random_state: 42
          reg_alpha: 0.8
          reg_lambda: 2
          subsample: 1
    outs:
    - path: metrics/xgboost_metrics.json
      hash: md5
      md5: 39073586d44f1db5de67eb99983a9d84
      size: 350
    - path: models/xgboost.json
      hash: md5
      md5: 474ea2e828c64f0a8c9c9383e5241633
      size: 999388
  train_neural_network:
    cmd: python train_neural_network.py
    deps:
    - path: data/prepared_data.pkl
      hash: md5
      md5: 0189a3f13455c04a9f5352c4e70dcec3
      size: 908134
    - path: params.yaml
      hash: md5
      md5: 2db66f9829f0bcc185d8bee86779c3ce
      size: 873
    - path: src/neural_network.py
      hash: md5
      md5: 4237a219b7df9745f0f19f01a1e44d60
      size: 5751
    params:
      params.yaml:
        neural_network:
          activation: relu
          batch_size: 16
          dropout_rate: 0.129
          epochs: 100
          layer_1_neurons: 192
          layer_2_neurons: 48
          layer_3_neurons: 64
          learning_rate: 0.003
          patience: 21
          random_state: 42
    outs:
    - path: metrics/neural_network_metrics.json
      hash: md5
      md5: be4e7fd211e907b8abc25b73cb78f78b
      size: 347
    - path: models/neural_network.keras
      hash: md5
      md5: d5252d7a6a33b5c55c6b1e225f2e3654
      size: 272537
  compare_models:
    cmd: python compare_models.py
    deps:
    - path: metrics/catboost_metrics.json
      hash: md5
      md5: 838102bebaf009889b85d5dd78fbc99a
      size: 348
    - path: metrics/decision_tree_metrics.json
      hash: md5
      md5: 17f2de0dab20dbe625184d528cfbe23c
      size: 346
    - path: metrics/linear_regression_metrics.json
      hash: md5
      md5: 3d43731c749fe023bedfc5f94faf2247
      size: 348
    - path: metrics/neural_network_metrics.json
      hash: md5
      md5: be4e7fd211e907b8abc25b73cb78f78b
      size: 347
    - path: metrics/xgboost_metrics.json
      hash: md5
      md5: 39073586d44f1db5de67eb99983a9d84
      size: 350
    outs:
    - path: metrics/models_comparison.csv
      hash: md5
      md5: 2a8788c060aa63dfe789879f540e5ed2
      size: 541
