schema: '2.0'
stages:
  prepare_data:
    cmd: python prepare_data.py
    deps:
    - path: data/cancer_reg1.csv
      hash: md5
      md5: 424efc6a68b78c8c0cda7ba330d4f223
      size: 406438
    - path: params.yaml
      hash: md5
      md5: a7be8f2d39fb63c076b29f777a861105
      size: 869
    params:
      params.yaml:
        general:
          random_state: 42
          test_size: 0.1
          train_size: 0.7
          val_size: 0.2
        preprocessing:
          normalization_method: minmax
          normalize: true
    outs:
    - path: data/prepared_data.pkl
      hash: md5
      md5: 0189a3f13455c04a9f5352c4e70dcec3
      size: 908134
    - path: models/features.json
      hash: md5
      md5: 48aacb3191cdf65b4e410f3303902517
      size: 1499
    - path: models/scaler.pkl
      hash: md5
      md5: 3ab8346904beea6eb5815c4c4bfb3504
      size: 3759
    - path: plots/full_correlation.png
      hash: md5
      md5: 8d33a8f24bd5bc77d1bdc0f140c95bd9
      size: 2549020
  train_linear_regression:
    cmd: python train_linear_regression.py
    deps:
    - path: data/prepared_data.pkl
      hash: md5
      md5: 0189a3f13455c04a9f5352c4e70dcec3
      size: 908134
    - path: params.yaml
      hash: md5
      md5: a7be8f2d39fb63c076b29f777a861105
      size: 869
    - path: src/linear_regression.py
      hash: md5
      md5: 3e80dad9c116d83196b3d93438782fbc
      size: 3644
    params:
      params.yaml:
        linear_regression:
          fit_intercept: true
          positive: false
    outs:
    - path: metrics/linear_regression_metrics.json
      hash: md5
      md5: 3d43731c749fe023bedfc5f94faf2247
      size: 348
    - path: models/linear_regression.pkl
      hash: md5
      md5: 610c8b6bc46418c08db4ec55c33639e9
      size: 2720
  train_decision_tree:
    cmd: python train_decision_tree.py
    deps:
    - path: data/prepared_data.pkl
      hash: md5
      md5: 0189a3f13455c04a9f5352c4e70dcec3
      size: 908134
    - path: params.yaml
      hash: md5
      md5: a7be8f2d39fb63c076b29f777a861105
      size: 869
    - path: src/decision_tree.py
      hash: md5
      md5: 3107d2ddb51a54a71d7a5bb7381bd890
      size: 4424
    params:
      params.yaml:
        decision_tree:
          max_depth: 6
          min_samples_leaf: 10
          min_samples_split: 50
          random_state: 42
    outs:
    - path: metrics/decision_tree_metrics.json
      hash: md5
      md5: 7bf188f3222ec7157de1255c607222ee
      size: 347
    - path: models/decision_tree.pkl
      hash: md5
      md5: 13b9390c6c61eb5e5dc4e1f4cdc4ab74
      size: 8561
    - path: plots/decision_tree.png
      hash: md5
      md5: 314dd4db5f4fd70e6dd49f15e8a28a38
      size: 910117
  train_catboost:
    cmd: python train_catboost.py
    deps:
    - path: data/prepared_data.pkl
      hash: md5
      md5: 0189a3f13455c04a9f5352c4e70dcec3
      size: 908134
    - path: params.yaml
      hash: md5
      md5: a7be8f2d39fb63c076b29f777a861105
      size: 869
    - path: src/catboost_model.py
      hash: md5
      md5: 403cf1e6638f414306044e226132e56a
      size: 4054
    params:
      params.yaml:
        catboost:
          depth: 6
          iterations: 1000
          l2_leaf_reg: 9.82
          learning_rate: 0.272
          random_seed: 42
    outs:
    - path: metrics/catboost_metrics.json
      hash: md5
      md5: 838102bebaf009889b85d5dd78fbc99a
      size: 348
    - path: models/catboost.cbm
      hash: md5
      md5: 358dc71cb0b380f0ebac7efc93ecc0e6
      size: 329736
  train_xgboost:
    cmd: python train_xgboost.py
    deps:
    - path: data/prepared_data.pkl
      hash: md5
      md5: 0189a3f13455c04a9f5352c4e70dcec3
      size: 908134
    - path: params.yaml
      hash: md5
      md5: a7be8f2d39fb63c076b29f777a861105
      size: 869
    - path: src/xgboost_model.py
      hash: md5
      md5: 48a5034d07e79ff8896a61916ca5ef12
      size: 3961
    params:
      params.yaml:
        xgboost:
          colsample_bytree: 0.994
          early_stopping_rounds: 20
          eval_metric: rmse
          learning_rate: 0.0872
          max_depth: 6
          n_estimators: 2000
          random_state: 42
          reg_alpha: 0.8
          reg_lambda: 2
          subsample: 0.897
    outs:
    - path: metrics/xgboost_metrics.json
      hash: md5
      md5: f6df2f1dbc93b35abc278c8c26341b8d
      size: 347
    - path: models/xgboost.json
      hash: md5
      md5: 2797a8026a6d42b3702ae4fc811fa4eb
      size: 982532
  train_neural_network:
    cmd: python train_neural_network.py
    deps:
    - path: data/prepared_data.pkl
      hash: md5
      md5: 0189a3f13455c04a9f5352c4e70dcec3
      size: 908134
    - path: params.yaml
      hash: md5
      md5: a7be8f2d39fb63c076b29f777a861105
      size: 869
    - path: src/neural_network.py
      hash: md5
      md5: b2c434bf719fa99e868a1438db7d6939
      size: 5678
    params:
      params.yaml:
        neural_network:
          activation: relu
          batch_size: 16
          dropout_rate: 0.129
          epochs: 100
          layer_1_neurons: 192
          layer_2_neurons: 48
          layer_3_neurons: 64
          learning_rate: 0.005
          patience: 21
          random_state: 42
    outs:
    - path: metrics/neural_network_metrics.json
      hash: md5
      md5: f7da12b9a1a5926d813c5cd1bc0103b8
      size: 347
    - path: models/neural_network.keras
      hash: md5
      md5: 6f4b6815272b08a5911007e9bef04923
      size: 272538
  compare_models:
    cmd: python compare_models.py
    deps:
    - path: metrics/catboost_metrics.json
      hash: md5
      md5: 838102bebaf009889b85d5dd78fbc99a
      size: 348
    - path: metrics/decision_tree_metrics.json
      hash: md5
      md5: 7bf188f3222ec7157de1255c607222ee
      size: 347
    - path: metrics/linear_regression_metrics.json
      hash: md5
      md5: 3d43731c749fe023bedfc5f94faf2247
      size: 348
    - path: metrics/neural_network_metrics.json
      hash: md5
      md5: f7da12b9a1a5926d813c5cd1bc0103b8
      size: 347
    - path: metrics/xgboost_metrics.json
      hash: md5
      md5: f6df2f1dbc93b35abc278c8c26341b8d
      size: 347
    outs:
    - path: metrics/models_comparison.csv
      hash: md5
      md5: 6df967fe1a5ddd42e21f26860ddadf84
      size: 541
